lockfileVersion: '9.0'

settings:
  autoInstallPeers: true
  excludeLinksFromLockfile: false

importers:

  .:
    dependencies:
      rbui-js:
        specifier: 1.0.0-alpha.4
        version: 1.0.0-alpha.4
      tailwindcss-animate:
        specifier: ^1.0.7
        version: 1.0.7

packages:

  '@babel/runtime@7.26.0':
    resolution: {integrity: sha512-FDSOghenHTiToteC/QRlv2q3DhPZ/oOXTBoirfWNx1Cx3TMVcGWQtMMmQcSvb/JjpNeGzx8Pq/b4fKEJuWm1sw==}
    engines: {node: '>=6.9.0'}

  '@floating-ui/core@1.6.8':
    resolution: {integrity: sha512-7XJ9cPU+yI2QeLS+FCSlqNFZJq8arvswefkZrYI1yQBbftw6FyrZOxYSh+9S7z7TpeWlRt9zJ5IhM1WIL334jA==}

  '@floating-ui/dom@1.6.12':
    resolution: {integrity: sha512-NP83c0HjokcGVEMeoStg317VD9W7eDlGK7457dMBANbKA6GJZdc7rjujdgqzTaz93jkGgc5P/jeWbaCHnMNc+w==}

  '@floating-ui/utils@0.2.8':
    resolution: {integrity: sha512-kym7SodPp8/wloecOpcmSnWJsK7M0E5Wg8UcFA+uO4B9s5d0ywXOEro/8HM9x0rW+TljRzul/14UYz3TleT3ig==}

  '@hotwired/stimulus@3.2.2':
    resolution: {integrity: sha512-eGeIqNOQpXoPAIP7tC1+1Yc1yl1xnwYqg+3mzqxyrbE5pg5YFBZcA6YoTiByJB6DKAEsiWtl6tjTJS4IYtbB7A==}

  '@kurkle/color@0.3.2':
    resolution: {integrity: sha512-fuscdXJ9G1qb7W8VdHi+IwRqij3lBkosAm4ydQtEmbY58OzHXqQhvlxqEkoz0yssNVn38bcpRWgA9PP+OGoisw==}

  '@motionone/animation@10.18.0':
    resolution: {integrity: sha512-9z2p5GFGCm0gBsZbi8rVMOAJCtw1WqBTIPw3ozk06gDvZInBPIsQcHgYogEJ4yuHJ+akuW8g1SEIOpTOvYs8hw==}

  '@motionone/dom@10.18.0':
    resolution: {integrity: sha512-bKLP7E0eyO4B2UaHBBN55tnppwRnaE3KFfh3Ps9HhnAkar3Cb69kUCJY9as8LrccVYKgHA+JY5dOQqJLOPhF5A==}

  '@motionone/easing@10.18.0':
    resolution: {integrity: sha512-VcjByo7XpdLS4o9T8t99JtgxkdMcNWD3yHU/n6CLEz3bkmKDRZyYQ/wmSf6daum8ZXqfUAgFeCZSpJZIMxaCzg==}

  '@motionone/generators@10.18.0':
    resolution: {integrity: sha512-+qfkC2DtkDj4tHPu+AFKVfR/C30O1vYdvsGYaR13W/1cczPrrcjdvYCj0VLFuRMN+lP1xvpNZHCRNM4fBzn1jg==}

  '@motionone/types@10.17.1':
    resolution: {integrity: sha512-KaC4kgiODDz8hswCrS0btrVrzyU2CSQKO7Ps90ibBVSQmjkrt2teqta6/sOG59v7+dPnKMAg13jyqtMKV2yJ7A==}

  '@motionone/utils@10.18.0':
    resolution: {integrity: sha512-3XVF7sgyTSI2KWvTf6uLlBJ5iAgRgmvp3bpuOiQJvInd4nZ19ET8lX5unn30SlmRH7hXbBbH+Gxd0m0klJ3Xtw==}

  '@popperjs/core@2.11.8':
    resolution: {integrity: sha512-P1st0aksCrn9sGZhp8GMYwBnQsbvAWsZAX44oXNNvLHGqAOcoVxmjZiohstwQ7SqKnbR47akdNi+uleWD8+g6A==}

  chart.js@4.4.6:
    resolution: {integrity: sha512-8Y406zevUPbbIBA/HRk33khEmQPk5+cxeflWE/2rx1NJsjVWMPw/9mSP9rxHP5eqi6LNoPBVMfZHxbwLSgldYA==}
    engines: {pnpm: '>=8'}

  date-fns@2.30.0:
    resolution: {integrity: sha512-fnULvOpxnC5/Vg3NCiWelDsLiUc9bRwAPs/+LfTLNvetFCtCTN+yQz15C/fs4AwX1R9K5GLtLfn8QW+dWisaAw==}
    engines: {node: '>=0.11'}

  fuse.js@7.0.0:
    resolution: {integrity: sha512-14F4hBIxqKvD4Zz/XjDc3y94mNZN6pRv3U13Udo0lNLCWRBUsrMv2xwcF/y/Z5sV6+FQW+/ow68cHpm4sunt8Q==}
    engines: {node: '>=10'}

  hey-listen@1.0.8:
    resolution: {integrity: sha512-COpmrF2NOg4TBWUJ5UVyaCU2A88wEMkUPK4hNqyCkqHbxT92BbvfjoSozkAIIm6XhicGlJHhFdullInrdhwU8Q==}

  motion@10.18.0:
    resolution: {integrity: sha512-MVAZZmwM/cp77BrNe1TxTMldxRPjwBNHheU5aPToqT4rJdZxLiADk58H+a0al5jKLxkB0OdgNq6DiVn11cjvIQ==}

  mustache@4.2.0:
    resolution: {integrity: sha512-71ippSywq5Yb7/tVYyGbkBggbU8H3u5Rz56fH60jGFgr8uHwxs+aSKeqmluIVzM0m0kB7xQjKS6qPfd0b2ZoqQ==}
    hasBin: true

  rbui-js@1.0.0-alpha.4:
    resolution: {integrity: sha512-C1wRwuw6LjY0SEopvdi/sONBreehTzJla1ZH/E0t1TEne7Rx/R8RwPj+xhuxS/BOj/jwIc9goFKLro+3kbSo2w==}

  regenerator-runtime@0.14.1:
    resolution: {integrity: sha512-dYnhHh0nJoMfnkZs6GmmhFknAGRrLznOu5nc9ML+EJxGvrx6H7teuevqVqCuPcPK//3eDrrjQhehXVx9cnkGdw==}

  tailwindcss-animate@1.0.7:
    resolution: {integrity: sha512-bl6mpH3T7I3UFxuvDEXLxy/VuFxBk5bbzplh7tXI68mwMokNYd1t9qPBHlnyTwfa4JGC4zP516I1hYYtQ/vspA==}
    peerDependencies:
      tailwindcss: '>=3.0.0 || insiders'

  tippy.js@6.3.7:
    resolution: {integrity: sha512-E1d3oP2emgJ9dRQZdf3Kkn0qJgI6ZLpyS5z6ZkY1DF3kaQaBsGZsndEpHwx+eC+tYM41HaSNvNtLx8tU57FzTQ==}

  tslib@2.8.1:
    resolution: {integrity: sha512-oJFu94HQb+KVduSUQL7wnpmqnfmLsOA/nAh6b6EH0wCEoK0/mPeXU6c3wKDV83MkOuHPRHtSXKKU99IBazS/2w==}

snapshots:

  '@babel/runtime@7.26.0':
    dependencies:
      regenerator-runtime: 0.14.1

  '@floating-ui/core@1.6.8':
    dependencies:
      '@floating-ui/utils': 0.2.8

  '@floating-ui/dom@1.6.12':
    dependencies:
      '@floating-ui/core': 1.6.8
      '@floating-ui/utils': 0.2.8

  '@floating-ui/utils@0.2.8': {}

  '@hotwired/stimulus@3.2.2': {}

  '@kurkle/color@0.3.2': {}

  '@motionone/animation@10.18.0':
    dependencies:
      '@motionone/easing': 10.18.0
      '@motionone/types': 10.17.1
      '@motionone/utils': 10.18.0
      tslib: 2.8.1

  '@motionone/dom@10.18.0':
    dependencies:
      '@motionone/animation': 10.18.0
      '@motionone/generators': 10.18.0
      '@motionone/types': 10.17.1
      '@motionone/utils': 10.18.0
      hey-listen: 1.0.8
      tslib: 2.8.1

  '@motionone/easing@10.18.0':
    dependencies:
      '@motionone/utils': 10.18.0
      tslib: 2.8.1

  '@motionone/generators@10.18.0':
    dependencies:
      '@motionone/types': 10.17.1
      '@motionone/utils': 10.18.0
      tslib: 2.8.1

  '@motionone/types@10.17.1': {}

  '@motionone/utils@10.18.0':
    dependencies:
      '@motionone/types': 10.17.1
      hey-listen: 1.0.8
      tslib: 2.8.1

  '@popperjs/core@2.11.8': {}

  chart.js@4.4.6:
    dependencies:
      '@kurkle/color': 0.3.2

  date-fns@2.30.0:
    dependencies:
      '@babel/runtime': 7.26.0

  fuse.js@7.0.0: {}

  hey-listen@1.0.8: {}

  motion@10.18.0:
    dependencies:
      '@motionone/animation': 10.18.0
      '@motionone/dom': 10.18.0
      '@motionone/types': 10.17.1
      '@motionone/utils': 10.18.0

  mustache@4.2.0: {}

  rbui-js@1.0.0-alpha.4:
    dependencies:
      '@floating-ui/dom': 1.6.12
      '@hotwired/stimulus': 3.2.2
      chart.js: 4.4.6
      date-fns: 2.30.0
      fuse.js: 7.0.0
      motion: 10.18.0
      mustache: 4.2.0
      tippy.js: 6.3.7

  regenerator-runtime@0.14.1: {}

  tailwindcss-animate@1.0.7: {}

  tippy.js@6.3.7:
    dependencies:
      '@popperjs/core': 2.11.8

  tslib@2.8.1: {}
